
Microsoft Visual Studio Solution File, Format Version 12.00
# Visual Studio Version 17
VisualStudioVersion = 17.14.37111.16
MinimumVisualStudioVersion = 10.0.40219.1
Project("{FAE04EC0-301F-11D3-BF4B-00C04F79EFBC}") = "ATP.RankingAPI", "ATP.RankingAPI\ATP.RankingAPI.csproj", "{3AA906CB-BEB8-4DE2-8CBC-FAD920D2FFEB}"
EndProject
Project("{FAE04EC0-301F-11D3-BF4B-00C04F79EFBC}") = "ATP.RankingAPI.Application", "ATP.RakingAPI.Application\ATP.RankingAPI.Application.csproj", "{85CADE20-C4D8-4273-963E-70D0EE6751EF}"
EndProject
Project("{FAE04EC0-301F-11D3-BF4B-00C04F79EFBC}") = "ATP.RankingAPI.Infrastructure", "ATP.RankingAPI.Infrastructure\ATP.RankingAPI.Infrastructure.csproj", "{030AE733-4E24-4ADC-9915-F1EA2CDB5F2F}"
EndProject
Project("{FAE04EC0-301F-11D3-BF4B-00C04F79EFBC}") = "ATP.RankingAPI.Domain", "ATP.RankingAPI.Domain\ATP.RankingAPI.Domain.csproj", "{5E31CDC3-C325-4B78-8276-3F5A13BF501F}"
EndProject
Global
	GlobalSection(SolutionConfigurationPlatforms) = preSolution
		Debug|Any CPU = Debug|Any CPU
		Release|Any CPU = Release|Any CPU
	EndGlobalSection
	GlobalSection(ProjectConfigurationPlatforms) = postSolution
		{3AA906CB-BEB8-4DE2-8CBC-FAD920D2FFEB}.Debug|Any CPU.ActiveCfg = Debug|Any CPU
		{3AA906CB-BEB8-4DE2-8CBC-FAD920D2FFEB}.Debug|Any CPU.Build.0 = Debug|Any CPU
		{3AA906CB-BEB8-4DE2-8CBC-FAD920D2FFEB}.Release|Any CPU.ActiveCfg = Release|Any CPU
		{3AA906CB-BEB8-4DE2-8CBC-FAD920D2FFEB}.Release|Any CPU.Build.0 = Release|Any CPU
		{85CADE20-C4D8-4273-963E-70D0EE6751EF}.Debug|Any CPU.ActiveCfg = Debug|Any CPU
		{85CADE20-C4D8-4273-963E-70D0EE6751EF}.Debug|Any CPU.Build.0 = Debug|Any CPU
		{85CADE20-C4D8-4273-963E-70D0EE6751EF}.Release|Any CPU.ActiveCfg = Release|Any CPU
		{85CADE20-C4D8-4273-963E-70D0EE6751EF}.Release|Any CPU.Build.0 = Release|Any CPU
		{030AE733-4E24-4ADC-9915-F1EA2CDB5F2F}.Debug|Any CPU.ActiveCfg = Debug|Any CPU
		{030AE733-4E24-4ADC-9915-F1EA2CDB5F2F}.Debug|Any CPU.Build.0 = Debug|Any CPU
		{030AE733-4E24-4ADC-9915-F1EA2CDB5F2F}.Release|Any CPU.ActiveCfg = Release|Any CPU
		{030AE733-4E24-4ADC-9915-F1EA2CDB5F2F}.Release|Any CPU.Build.0 = Release|Any CPU
		{5E31CDC3-C325-4B78-8276-3F5A13BF501F}.Debug|Any CPU.ActiveCfg = Debug|Any CPU
		{5E31CDC3-C325-4B78-8276-3F5A13BF501F}.Debug|Any CPU.Build.0 = Debug|Any CPU
		{5E31CDC3-C325-4B78-8276-3F5A13BF501F}.Release|Any CPU.ActiveCfg = Release|Any CPU
		{5E31CDC3-C325-4B78-8276-3F5A13BF501F}.Release|Any CPU.Build.0 = Release|Any CPU
	EndGlobalSection
	GlobalSection(SolutionProperties) = preSolution
		HideSolutionNode = FALSE
	EndGlobalSection
	GlobalSection(ExtensibilityGlobals) = postSolution
		SolutionGuid = {1DBD6DDE-1B53-43F0-A705-EAC77CDE4ECB}
	EndGlobalSection
EndGlobal
